// !$*UTF8*$!
{
	archiveVersion = 1;
	classes = {
	};
	objectVersion = 46;
	objects = {

/* Begin PBXBuildFile section */
		3975770E175DE6CC0096099D /* AsyncableImageView.m in Sources */ = {isa = PBXBuildFile; fileRef = 3975770D175DE6CC0096099D /* AsyncableImageView.m */; };
		39757717175DFC220096099D /* ImageLoader.m in Sources */ = {isa = PBXBuildFile; fileRef = 39757716175DFC220096099D /* ImageLoader.m */; };
		3975771A175DFF9B0096099D /* ImageDownloader.m in Sources */ = {isa = PBXBuildFile; fileRef = 39757719175DFF9A0096099D /* ImageDownloader.m */; };
		39757720175E11870096099D /* NSString+MD5.m in Sources */ = {isa = PBXBuildFile; fileRef = 3975771F175E11870096099D /* NSString+MD5.m */; };
		39911F12175F704F0050808F /* Failed.png in Resources */ = {isa = PBXBuildFile; fileRef = 39911F0E175F704F0050808F /* Failed.png */; };
		39911F13175F704F0050808F /* Failed@2x.png in Resources */ = {isa = PBXBuildFile; fileRef = 39911F0F175F704F0050808F /* Failed@2x.png */; };
		39911F14175F704F0050808F /* Placeholder.png in Resources */ = {isa = PBXBuildFile; fileRef = 39911F10175F704F0050808F /* Placeholder.png */; };
		39911F15175F704F0050808F /* Placeholder@2x.png in Resources */ = {isa = PBXBuildFile; fileRef = 39911F11175F704F0050808F /* Placeholder@2x.png */; };
		39911F18175F98B60050808F /* ImageViewController.m in Sources */ = {isa = PBXBuildFile; fileRef = 39911F17175F98B60050808F /* ImageViewController.m */; };
		6985BF69175F1EBE007E0426 /* DiskCache.m in Sources */ = {isa = PBXBuildFile; fileRef = 6985BF68175F1EBE007E0426 /* DiskCache.m */; };
		6985BF6F175F1EC7007E0426 /* NSString+MD5.m in Sources */ = {isa = PBXBuildFile; fileRef = 6985BF6D175F1EC7007E0426 /* NSString+MD5.m */; };
		698A3D251760619F00DD16CF /* AsyncableImageLoader.m in Sources */ = {isa = PBXBuildFile; fileRef = 698A3D241760619F00DD16CF /* AsyncableImageLoader.m */; };
		698A3D2917606B6500DD16CF /* QueueManager.m in Sources */ = {isa = PBXBuildFile; fileRef = 698A3D2817606B6500DD16CF /* QueueManager.m */; };
		698A3D2C17606B6E00DD16CF /* MemoryCache.m in Sources */ = {isa = PBXBuildFile; fileRef = 698A3D2B17606B6E00DD16CF /* MemoryCache.m */; };
		6996AC3D175DDB1500059C44 /* UIKit.framework in Frameworks */ = {isa = PBXBuildFile; fileRef = 6996AC3C175DDB1500059C44 /* UIKit.framework */; };
		6996AC3F175DDB1500059C44 /* Foundation.framework in Frameworks */ = {isa = PBXBuildFile; fileRef = 6996AC3E175DDB1500059C44 /* Foundation.framework */; };
		6996AC41175DDB1500059C44 /* CoreGraphics.framework in Frameworks */ = {isa = PBXBuildFile; fileRef = 6996AC40175DDB1500059C44 /* CoreGraphics.framework */; };
		6996AC47175DDB1500059C44 /* InfoPlist.strings in Resources */ = {isa = PBXBuildFile; fileRef = 6996AC45175DDB1500059C44 /* InfoPlist.strings */; };
		6996AC49175DDB1500059C44 /* main.m in Sources */ = {isa = PBXBuildFile; fileRef = 6996AC48175DDB1500059C44 /* main.m */; };
		6996AC4D175DDB1500059C44 /* AppDelegate.m in Sources */ = {isa = PBXBuildFile; fileRef = 6996AC4C175DDB1500059C44 /* AppDelegate.m */; };
		6996AC4F175DDB1500059C44 /* Default.png in Resources */ = {isa = PBXBuildFile; fileRef = 6996AC4E175DDB1500059C44 /* Default.png */; };
		6996AC51175DDB1500059C44 /* Default@2x.png in Resources */ = {isa = PBXBuildFile; fileRef = 6996AC50175DDB1500059C44 /* Default@2x.png */; };
		6996AC53175DDB1500059C44 /* Default-568h@2x.png in Resources */ = {isa = PBXBuildFile; fileRef = 6996AC52175DDB1500059C44 /* Default-568h@2x.png */; };
		6996AC56175DDB1500059C44 /* MainStoryboard.storyboard in Resources */ = {isa = PBXBuildFile; fileRef = 6996AC54175DDB1500059C44 /* MainStoryboard.storyboard */; };
		6996AC59175DDB1500059C44 /* ViewController.m in Sources */ = {isa = PBXBuildFile; fileRef = 6996AC58175DDB1500059C44 /* ViewController.m */; };
/* End PBXBuildFile section */

/* Begin PBXFileReference section */
		3975770C175DE6CC0096099D /* AsyncableImageView.h */ = {isa = PBXFileReference; fileEncoding = 4; lastKnownFileType = sourcecode.c.h; name = AsyncableImageView.h; path = ../AsyncableImageView.h; sourceTree = "<group>"; };
		3975770D175DE6CC0096099D /* AsyncableImageView.m */ = {isa = PBXFileReference; fileEncoding = 4; lastKnownFileType = sourcecode.c.objc; name = AsyncableImageView.m; path = ../AsyncableImageView.m; sourceTree = "<group>"; };
		39757715175DFC220096099D /* ImageLoader.h */ = {isa = PBXFileReference; fileEncoding = 4; lastKnownFileType = sourcecode.c.h; path = ImageLoader.h; sourceTree = "<group>"; };
		39757716175DFC220096099D /* ImageLoader.m */ = {isa = PBXFileReference; fileEncoding = 4; lastKnownFileType = sourcecode.c.objc; path = ImageLoader.m; sourceTree = "<group>"; };
		39757718175DFF990096099D /* ImageDownloader.h */ = {isa = PBXFileReference; fileEncoding = 4; lastKnownFileType = sourcecode.c.h; path = ImageDownloader.h; sourceTree = "<group>"; };
		39757719175DFF9A0096099D /* ImageDownloader.m */ = {isa = PBXFileReference; fileEncoding = 4; lastKnownFileType = sourcecode.c.objc; path = ImageDownloader.m; sourceTree = "<group>"; };
		3975771F175E11870096099D /* NSString+MD5.m */ = {isa = PBXFileReference; fileEncoding = 4; lastKnownFileType = sourcecode.c.objc; path = "NSString+MD5.m"; sourceTree = SOURCE_ROOT; };
		39911F0E175F704F0050808F /* Failed.png */ = {isa = PBXFileReference; lastKnownFileType = image.png; path = Failed.png; sourceTree = "<group>"; };
		39911F0F175F704F0050808F /* Failed@2x.png */ = {isa = PBXFileReference; lastKnownFileType = image.png; path = "Failed@2x.png"; sourceTree = "<group>"; };
		39911F10175F704F0050808F /* Placeholder.png */ = {isa = PBXFileReference; lastKnownFileType = image.png; path = Placeholder.png; sourceTree = "<group>"; };
		39911F11175F704F0050808F /* Placeholder@2x.png */ = {isa = PBXFileReference; lastKnownFileType = image.png; path = "Placeholder@2x.png"; sourceTree = "<group>"; };
		39911F16175F98B60050808F /* ImageViewController.h */ = {isa = PBXFileReference; fileEncoding = 4; lastKnownFileType = sourcecode.c.h; name = ImageViewController.h; path = ../ImageViewController.h; sourceTree = "<group>"; };
		39911F17175F98B60050808F /* ImageViewController.m */ = {isa = PBXFileReference; fileEncoding = 4; lastKnownFileType = sourcecode.c.objc; name = ImageViewController.m; path = ../ImageViewController.m; sourceTree = "<group>"; };
		6985BF67175F1EBE007E0426 /* DiskCache.h */ = {isa = PBXFileReference; fileEncoding = 4; lastKnownFileType = sourcecode.c.h; path = DiskCache.h; sourceTree = "<group>"; };
		6985BF68175F1EBE007E0426 /* DiskCache.m */ = {isa = PBXFileReference; fileEncoding = 4; lastKnownFileType = sourcecode.c.objc; path = DiskCache.m; sourceTree = "<group>"; };
		6985BF6C175F1EC7007E0426 /* NSString+MD5.h */ = {isa = PBXFileReference; fileEncoding = 4; lastKnownFileType = sourcecode.c.h; path = "NSString+MD5.h"; sourceTree = "<group>"; };
		6985BF6D175F1EC7007E0426 /* NSString+MD5.m */ = {isa = PBXFileReference; fileEncoding = 4; lastKnownFileType = sourcecode.c.objc; path = "NSString+MD5.m"; sourceTree = "<group>"; };
		698A3D231760619F00DD16CF /* AsyncableImageLoader.h */ = {isa = PBXFileReference; fileEncoding = 4; lastKnownFileType = sourcecode.c.h; path = AsyncableImageLoader.h; sourceTree = "<group>"; };
		698A3D241760619F00DD16CF /* AsyncableImageLoader.m */ = {isa = PBXFileReference; fileEncoding = 4; lastKnownFileType = sourcecode.c.objc; path = AsyncableImageLoader.m; sourceTree = "<group>"; };
		698A3D2717606B6500DD16CF /* QueueManager.h */ = {isa = PBXFileReference; fileEncoding = 4; lastKnownFileType = sourcecode.c.h; path = QueueManager.h; sourceTree = "<group>"; };
		698A3D2817606B6500DD16CF /* QueueManager.m */ = {isa = PBXFileReference; fileEncoding = 4; lastKnownFileType = sourcecode.c.objc; path = QueueManager.m; sourceTree = "<group>"; };
		698A3D2A17606B6E00DD16CF /* MemoryCache.h */ = {isa = PBXFileReference; fileEncoding = 4; lastKnownFileType = sourcecode.c.h; path = MemoryCache.h; sourceTree = "<group>"; };
		698A3D2B17606B6E00DD16CF /* MemoryCache.m */ = {isa = PBXFileReference; fileEncoding = 4; lastKnownFileType = sourcecode.c.objc; path = MemoryCache.m; sourceTree = "<group>"; };
		6996AC38175DDB1500059C44 /* ETAsyncableImageView.app */ = {isa = PBXFileReference; explicitFileType = wrapper.application; includeInIndex = 0; path = ETAsyncableImageView.app; sourceTree = BUILT_PRODUCTS_DIR; };
		6996AC3C175DDB1500059C44 /* UIKit.framework */ = {isa = PBXFileReference; lastKnownFileType = wrapper.framework; name = UIKit.framework; path = System/Library/Frameworks/UIKit.framework; sourceTree = SDKROOT; };
		6996AC3E175DDB1500059C44 /* Foundation.framework */ = {isa = PBXFileReference; lastKnownFileType = wrapper.framework; name = Foundation.framework; path = System/Library/Frameworks/Foundation.framework; sourceTree = SDKROOT; };
		6996AC40175DDB1500059C44 /* CoreGraphics.framework */ = {isa = PBXFileReference; lastKnownFileType = wrapper.framework; name = CoreGraphics.framework; path = System/Library/Frameworks/CoreGraphics.framework; sourceTree = SDKROOT; };
		6996AC44175DDB1500059C44 /* ETAsyncableImageView-Info.plist */ = {isa = PBXFileReference; lastKnownFileType = text.plist.xml; path = "ETAsyncableImageView-Info.plist"; sourceTree = "<group>"; };
		6996AC46175DDB1500059C44 /* en */ = {isa = PBXFileReference; lastKnownFileType = text.plist.strings; name = en; path = en.lproj/InfoPlist.strings; sourceTree = "<group>"; };
		6996AC48175DDB1500059C44 /* main.m */ = {isa = PBXFileReference; lastKnownFileType = sourcecode.c.objc; path = main.m; sourceTree = "<group>"; };
		6996AC4A175DDB1500059C44 /* ETAsyncableImageView-Prefix.pch */ = {isa = PBXFileReference; lastKnownFileType = sourcecode.c.h; path = "ETAsyncableImageView-Prefix.pch"; sourceTree = "<group>"; };
		6996AC4B175DDB1500059C44 /* AppDelegate.h */ = {isa = PBXFileReference; lastKnownFileType = sourcecode.c.h; path = AppDelegate.h; sourceTree = "<group>"; };
		6996AC4C175DDB1500059C44 /* AppDelegate.m */ = {isa = PBXFileReference; lastKnownFileType = sourcecode.c.objc; path = AppDelegate.m; sourceTree = "<group>"; };
		6996AC4E175DDB1500059C44 /* Default.png */ = {isa = PBXFileReference; lastKnownFileType = image.png; path = Default.png; sourceTree = "<group>"; };
		6996AC50175DDB1500059C44 /* Default@2x.png */ = {isa = PBXFileReference; lastKnownFileType = image.png; path = "Default@2x.png"; sourceTree = "<group>"; };
		6996AC52175DDB1500059C44 /* Default-568h@2x.png */ = {isa = PBXFileReference; lastKnownFileType = image.png; path = "Default-568h@2x.png"; sourceTree = "<group>"; };
		6996AC55175DDB1500059C44 /* en */ = {isa = PBXFileReference; lastKnownFileType = file.storyboard; name = en; path = en.lproj/MainStoryboard.storyboard; sourceTree = "<group>"; };
		6996AC57175DDB1500059C44 /* ViewController.h */ = {isa = PBXFileReference; lastKnownFileType = sourcecode.c.h; path = ViewController.h; sourceTree = "<group>"; };
		6996AC58175DDB1500059C44 /* ViewController.m */ = {isa = PBXFileReference; lastKnownFileType = sourcecode.c.objc; path = ViewController.m; sourceTree = "<group>"; };
/* End PBXFileReference section */

/* Begin PBXFrameworksBuildPhase section */
		6996AC35175DDB1500059C44 /* Frameworks */ = {
			isa = PBXFrameworksBuildPhase;
			buildActionMask = 2147483647;
			files = (
				6996AC3D175DDB1500059C44 /* UIKit.framework in Frameworks */,
				6996AC3F175DDB1500059C44 /* Foundation.framework in Frameworks */,
				6996AC41175DDB1500059C44 /* CoreGraphics.framework in Frameworks */,
			);
			runOnlyForDeploymentPostprocessing = 0;
		};
/* End PBXFrameworksBuildPhase section */

/* Begin PBXGroup section */
		39911F0D175F704F0050808F /* Resources */ = {
			isa = PBXGroup;
			children = (
				39911F0E175F704F0050808F /* Failed.png */,
				39911F0F175F704F0050808F /* Failed@2x.png */,
				39911F10175F704F0050808F /* Placeholder.png */,
				39911F11175F704F0050808F /* Placeholder@2x.png */,
			);
			path = Resources;
			sourceTree = "<group>";
		};
		6996AC2D175DDB1400059C44 = {
			isa = PBXGroup;
			children = (
				6996AC42175DDB1500059C44 /* ETAsyncableImageView */,
				6996AC3B175DDB1500059C44 /* Frameworks */,
				6996AC39175DDB1500059C44 /* Products */,
			);
			sourceTree = "<group>";
		};
		6996AC39175DDB1500059C44 /* Products */ = {
			isa = PBXGroup;
			children = (
				6996AC38175DDB1500059C44 /* ETAsyncableImageView.app */,
			);
			name = Products;
			sourceTree = "<group>";
		};
		6996AC3B175DDB1500059C44 /* Frameworks */ = {
			isa = PBXGroup;
			children = (
				6996AC3C175DDB1500059C44 /* UIKit.framework */,
				6996AC3E175DDB1500059C44 /* Foundation.framework */,
				6996AC40175DDB1500059C44 /* CoreGraphics.framework */,
			);
			name = Frameworks;
			sourceTree = "<group>";
		};
		6996AC42175DDB1500059C44 /* ETAsyncableImageView */ = {
			isa = PBXGroup;
			children = (
				6996AC4B175DDB1500059C44 /* AppDelegate.h */,
				6996AC4C175DDB1500059C44 /* AppDelegate.m */,
				6996AC62175DE8DC00059C44 /* AsyncableHelpers */,
				6996AC5F175DE4D800059C44 /* Demo */,
				6996AC43175DDB1500059C44 /* Supporting Files */,
			);
			path = ETAsyncableImageView;
			sourceTree = "<group>";
		};
		6996AC43175DDB1500059C44 /* Supporting Files */ = {
			isa = PBXGroup;
			children = (
				6996AC44175DDB1500059C44 /* ETAsyncableImageView-Info.plist */,
				6996AC45175DDB1500059C44 /* InfoPlist.strings */,
				6996AC48175DDB1500059C44 /* main.m */,
				6996AC4A175DDB1500059C44 /* ETAsyncableImageView-Prefix.pch */,
				6996AC4E175DDB1500059C44 /* Default.png */,
				6996AC50175DDB1500059C44 /* Default@2x.png */,
				6996AC52175DDB1500059C44 /* Default-568h@2x.png */,
			);
			name = "Supporting Files";
			sourceTree = "<group>";
		};
		6996AC5F175DE4D800059C44 /* Demo */ = {
			isa = PBXGroup;
			children = (
				39911F0D175F704F0050808F /* Resources */,
				6996AC57175DDB1500059C44 /* ViewController.h */,
				6996AC58175DDB1500059C44 /* ViewController.m */,
				39911F16175F98B60050808F /* ImageViewController.h */,
				39911F17175F98B60050808F /* ImageViewController.m */,
				6996AC54175DDB1500059C44 /* MainStoryboard.storyboard */,
			);
			name = Demo;
			sourceTree = "<group>";
		};
		6996AC62175DE8DC00059C44 /* AsyncableHelpers */ = {
			isa = PBXGroup;
			children = (
				698A3D2A17606B6E00DD16CF /* MemoryCache.h */,
				698A3D2B17606B6E00DD16CF /* MemoryCache.m */,
				698A3D2717606B6500DD16CF /* QueueManager.h */,
				698A3D2817606B6500DD16CF /* QueueManager.m */,
				6985BF6C175F1EC7007E0426 /* NSString+MD5.h */,
				6985BF6D175F1EC7007E0426 /* NSString+MD5.m */,
				6985BF67175F1EBE007E0426 /* DiskCache.h */,
				6985BF68175F1EBE007E0426 /* DiskCache.m */,
				3975770C175DE6CC0096099D /* AsyncableImageView.h */,
				3975770D175DE6CC0096099D /* AsyncableImageView.m */,
				39757715175DFC220096099D /* ImageLoader.h */,
				39757716175DFC220096099D /* ImageLoader.m */,
				39757718175DFF990096099D /* ImageDownloader.h */,
				39757719175DFF9A0096099D /* ImageDownloader.m */,
				698A3D231760619F00DD16CF /* AsyncableImageLoader.h */,
				698A3D241760619F00DD16CF /* AsyncableImageLoader.m */,
			);
			name = AsyncableHelpers;
			sourceTree = "<group>";
		};
/* End PBXGroup section */

/* Begin PBXNativeTarget section */
		6996AC37175DDB1500059C44 /* ETAsyncableImageView */ = {
			isa = PBXNativeTarget;
			buildConfigurationList = 6996AC5C175DDB1500059C44 /* Build configuration list for PBXNativeTarget "ETAsyncableImageView" */;
			buildPhases = (
				6996AC34175DDB1500059C44 /* Sources */,
				6996AC35175DDB1500059C44 /* Frameworks */,
				6996AC36175DDB1500059C44 /* Resources */,
			);
			buildRules = (
			);
			dependencies = (
			);
			name = ETAsyncableImageView;
			productName = ETAsyncableImageView;
			productReference = 6996AC38175DDB1500059C44 /* ETAsyncableImageView.app */;
			productType = "com.apple.product-type.application";
		};
/* End PBXNativeTarget section */

/* Begin PBXProject section */
		6996AC2F175DDB1500059C44 /* Project object */ = {
			isa = PBXProject;
			attributes = {
				LastUpgradeCheck = 0450;
				ORGANIZATIONNAME = fueled.co;
			};
			buildConfigurationList = 6996AC32175DDB1500059C44 /* Build configuration list for PBXProject "ETAsyncableImageView" */;
			compatibilityVersion = "Xcode 3.2";
			developmentRegion = English;
			hasScannedForEncodings = 0;
			knownRegions = (
				en,
			);
			mainGroup = 6996AC2D175DDB1400059C44;
			productRefGroup = 6996AC39175DDB1500059C44 /* Products */;
			projectDirPath = "";
			projectRoot = "";
			targets = (
				6996AC37175DDB1500059C44 /* ETAsyncableImageView */,
			);
		};
/* End PBXProject section */

/* Begin PBXResourcesBuildPhase section */
		6996AC36175DDB1500059C44 /* Resources */ = {
			isa = PBXResourcesBuildPhase;
			buildActionMask = 2147483647;
			files = (
				6996AC47175DDB1500059C44 /* InfoPlist.strings in Resources */,
				6996AC4F175DDB1500059C44 /* Default.png in Resources */,
				6996AC51175DDB1500059C44 /* Default@2x.png in Resources */,
				6996AC53175DDB1500059C44 /* Default-568h@2x.png in Resources */,
				6996AC56175DDB1500059C44 /* MainStoryboard.storyboard in Resources */,
				39911F12175F704F0050808F /* Failed.png in Resources */,
				39911F13175F704F0050808F /* Failed@2x.png in Resources */,
				39911F14175F704F0050808F /* Placeholder.png in Resources */,
				39911F15175F704F0050808F /* Placeholder@2x.png in Resources */,
			);
			runOnlyForDeploymentPostprocessing = 0;
		};
/* End PBXResourcesBuildPhase section */

/* Begin PBXSourcesBuildPhase section */
		6996AC34175DDB1500059C44 /* Sources */ = {
			isa = PBXSourcesBuildPhase;
			buildActionMask = 2147483647;
			files = (
				6996AC49175DDB1500059C44 /* main.m in Sources */,
				6996AC4D175DDB1500059C44 /* AppDelegate.m in Sources */,
				6996AC59175DDB1500059C44 /* ViewController.m in Sources */,
				3975770E175DE6CC0096099D /* AsyncableImageView.m in Sources */,
				39757717175DFC220096099D /* ImageLoader.m in Sources */,
				3975771A175DFF9B0096099D /* ImageDownloader.m in Sources */,
				39757720175E11870096099D /* NSString+MD5.m in Sources */,
				6985BF69175F1EBE007E0426 /* DiskCache.m in Sources */,
				6985BF6F175F1EC7007E0426 /* NSString+MD5.m in Sources */,
				39911F18175F98B60050808F /* ImageViewController.m in Sources */,
				698A3D251760619F00DD16CF /* AsyncableImageLoader.m in Sources */,
				698A3D2917606B6500DD16CF /* QueueManager.m in Sources */,
				698A3D2C17606B6E00DD16CF /* MemoryCache.m in Sources */,
			);
			runOnlyForDeploymentPostprocessing = 0;
		};
/* End PBXSourcesBuildPhase section */

/* Begin PBXVariantGroup section */
		6996AC45175DDB1500059C44 /* InfoPlist.strings */ = {
			isa = PBXVariantGroup;
			children = (
				6996AC46175DDB1500059C44 /* en */,
			);
			name = InfoPlist.strings;
			sourceTree = "<group>";
		};
		6996AC54175DDB1500059C44 /* MainStoryboard.storyboard */ = {
			isa = PBXVariantGroup;
			children = (
				6996AC55175DDB1500059C44 /* en */,
			);
			name = MainStoryboard.storyboard;
			sourceTree = "<group>";
		};
/* End PBXVariantGroup section */

/* Begin XCBuildConfiguration section */
		6996AC5A175DDB1500059C44 /* Debug */ = {
			isa = XCBuildConfiguration;
			buildSettings = {
				ALWAYS_SEARCH_USER_PATHS = NO;
				CLANG_CXX_LANGUAGE_STANDARD = "gnu++0x";
				CLANG_CXX_LIBRARY = "libc++";
				CLANG_ENABLE_OBJC_ARC = YES;
				CLANG_WARN_EMPTY_BODY = YES;
				CLANG_WARN__DUPLICATE_METHOD_MATCH = YES;
				"CODE_SIGN_IDENTITY[sdk=iphoneos*]" = "iPhone Developer";
				COPY_PHASE_STRIP = NO;
				GCC_C_LANGUAGE_STANDARD = gnu99;
				GCC_DYNAMIC_NO_PIC = NO;
				GCC_OPTIMIZATION_LEVEL = 0;
				GCC_PREPROCESSOR_DEFINITIONS = (
					"DEBUG=1",
					"$(inherited)",
				);
				GCC_SYMBOLS_PRIVATE_EXTERN = NO;
				GCC_WARN_ABOUT_RETURN_TYPE = YES;
				GCC_WARN_UNINITIALIZED_AUTOS = YES;
				GCC_WARN_UNUSED_VARIABLE = YES;
				IPHONEOS_DEPLOYMENT_TARGET = 6.0;
				ONLY_ACTIVE_ARCH = YES;
				SDKROOT = iphoneos;
			};
			name = Debug;
		};
		6996AC5B175DDB1500059C44 /* Release */ = {
			isa = XCBuildConfiguration;
			buildSettings = {
				ALWAYS_SEARCH_USER_PATHS = NO;
				CLANG_CXX_LANGUAGE_STANDARD = "gnu++0x";
				CLANG_CXX_LIBRARY = "libc++";
				CLANG_ENABLE_OBJC_ARC = YES;
				CLANG_WARN_EMPTY_BODY = YES;
				CLANG_WARN__DUPLICATE_METHOD_MATCH = YES;
				"CODE_SIGN_IDENTITY[sdk=iphoneos*]" = "iPhone Developer";
				COPY_PHASE_STRIP = YES;
				GCC_C_LANGUAGE_STANDARD = gnu99;
				GCC_WARN_ABOUT_RETURN_TYPE = YES;
				GCC_WARN_UNINITIALIZED_AUTOS = YES;
				GCC_WARN_UNUSED_VARIABLE = YES;
				IPHONEOS_DEPLOYMENT_TARGET = 6.0;
				OTHER_CFLAGS = "-DNS_BLOCK_ASSERTIONS=1";
				SDKROOT = iphoneos;
				VALIDATE_PRODUCT = YES;
			};
			name = Release;
		};
		6996AC5D175DDB1500059C44 /* Debug */ = {
			isa = XCBuildConfiguration;
			buildSettings = {
				GCC_PRECOMPILE_PREFIX_HEADER = YES;
				GCC_PREFIX_HEADER = "ETAsyncableImageView/ETAsyncableImageView-Prefix.pch";
				INFOPLIST_FILE = "ETAsyncableImageView/ETAsyncableImageView-Info.plist";
				PRODUCT_NAME = "$(TARGET_NAME)";
				WRAPPER_EXTENSION = app;
			};
			name = Debug;
		};
		6996AC5E175DDB1500059C44 /* Release */ = {
			isa = XCBuildConfiguration;
			buildSettings = {
				GCC_PRECOMPILE_PREFIX_HEADER = YES;
				GCC_PREFIX_HEADER = "ETAsyncableImageView/ETAsyncableImageView-Prefix.pch";
				INFOPLIST_FILE = "ETAsyncableImageView/ETAsyncableImageView-Info.plist";
				PRODUCT_NAME = "$(TARGET_NAME)";
				WRAPPER_EXTENSION = app;
			};
			name = Release;
		};
/* End XCBuildConfiguration section */

/* Begin XCConfigurationList section */
		6996AC32175DDB1500059C44 /* Build configuration list for PBXProject "ETAsyncableImageView" */ = {
			isa = XCConfigurationList;
			buildConfigurations = (
				6996AC5A175DDB1500059C44 /* Debug */,
				6996AC5B175DDB1500059C44 /* Release */,
			);
			defaultConfigurationIsVisible = 0;
			defaultConfigurationName = Release;
		};
		6996AC5C175DDB1500059C44 /* Build configuration list for PBXNativeTarget "ETAsyncableImageView" */ = {
			isa = XCConfigurationList;
			buildConfigurations = (
				6996AC5D175DDB1500059C44 /* Debug */,
				6996AC5E175DDB1500059C44 /* Release */,
			);
			defaultConfigurationIsVisible = 0;
			defaultConfigurationName = Release;
		};
/* End XCConfigurationList section */
	};
	rootObject = 6996AC2F175DDB1500059C44 /* Project object */;
}
